
Microsoft Visual Studio Solution File, Format Version 12.00
# Visual Studio Version 17
VisualStudioVersion = 17.5.2.0
MinimumVisualStudioVersion = 10.0.40219.1
Project("{FAE04EC0-301F-11D3-BF4B-00C04F79EFBC}") = "SmartPiXL", "SmartPiXL\SmartPiXL.csproj", "{E2C3F983-060E-6E59-A533-89F06BA56A94}"
EndProject
Project("{FAE04EC0-301F-11D3-BF4B-00C04F79EFBC}") = "SmartPiXL.Tests", "SmartPiXL.Tests\SmartPiXL.Tests.csproj", "{91F10975-B754-4B0D-AB25-27B00E9CD76E}"
EndProject
Project("{FAE04EC0-301F-11D3-BF4B-00C04F79EFBC}") = "SmartPiXL.Shared", "SmartPiXL.Shared\SmartPiXL.Shared.csproj", "{BDC32016-CB51-4CA3-8B9A-CB4D0AA5F5B6}"
EndProject
Project("{FAE04EC0-301F-11D3-BF4B-00C04F79EFBC}") = "SmartPiXL.Sentinel", "SmartPiXL.Sentinel\SmartPiXL.Sentinel.csproj", "{C3D4E5F6-A7B8-9012-CDEF-345678901234}"
EndProject
Project("{FAE04EC0-301F-11D3-BF4B-00C04F79EFBC}") = "SmartPiXL.Forge", "SmartPiXL.Forge\SmartPiXL.Forge.csproj", "{A1B2C3D4-E5F6-7890-ABCD-EF1234567890}"
EndProject
Project("{FAE04EC0-301F-11D3-BF4B-00C04F79EFBC}") = "SmartPiXL.SqlClr", "SmartPiXL.SqlClr\SmartPiXL.SqlClr.csproj", "{E552A634-AB4B-4C09-9EBA-AD882CEAB8F0}"
EndProject
Global
	GlobalSection(SolutionConfigurationPlatforms) = preSolution
		Debug|Any CPU = Debug|Any CPU
		Debug|x64 = Debug|x64
		Debug|x86 = Debug|x86
		Release|Any CPU = Release|Any CPU
		Release|x64 = Release|x64
		Release|x86 = Release|x86
	EndGlobalSection
	GlobalSection(ProjectConfigurationPlatforms) = postSolution
		{E2C3F983-060E-6E59-A533-89F06BA56A94}.Debug|Any CPU.ActiveCfg = Debug|Any CPU
		{E2C3F983-060E-6E59-A533-89F06BA56A94}.Debug|Any CPU.Build.0 = Debug|Any CPU
		{E2C3F983-060E-6E59-A533-89F06BA56A94}.Debug|x64.ActiveCfg = Debug|Any CPU
		{E2C3F983-060E-6E59-A533-89F06BA56A94}.Debug|x64.Build.0 = Debug|Any CPU
		{E2C3F983-060E-6E59-A533-89F06BA56A94}.Debug|x86.ActiveCfg = Debug|Any CPU
		{E2C3F983-060E-6E59-A533-89F06BA56A94}.Debug|x86.Build.0 = Debug|Any CPU
		{E2C3F983-060E-6E59-A533-89F06BA56A94}.Release|Any CPU.ActiveCfg = Release|Any CPU
		{E2C3F983-060E-6E59-A533-89F06BA56A94}.Release|Any CPU.Build.0 = Release|Any CPU
		{E2C3F983-060E-6E59-A533-89F06BA56A94}.Release|x64.ActiveCfg = Release|Any CPU
		{E2C3F983-060E-6E59-A533-89F06BA56A94}.Release|x64.Build.0 = Release|Any CPU
		{E2C3F983-060E-6E59-A533-89F06BA56A94}.Release|x86.ActiveCfg = Release|Any CPU
		{E2C3F983-060E-6E59-A533-89F06BA56A94}.Release|x86.Build.0 = Release|Any CPU
		{91F10975-B754-4B0D-AB25-27B00E9CD76E}.Debug|Any CPU.ActiveCfg = Debug|Any CPU
		{91F10975-B754-4B0D-AB25-27B00E9CD76E}.Debug|Any CPU.Build.0 = Debug|Any CPU
		{91F10975-B754-4B0D-AB25-27B00E9CD76E}.Debug|x64.ActiveCfg = Debug|Any CPU
		{91F10975-B754-4B0D-AB25-27B00E9CD76E}.Debug|x64.Build.0 = Debug|Any CPU
		{91F10975-B754-4B0D-AB25-27B00E9CD76E}.Debug|x86.ActiveCfg = Debug|Any CPU
		{91F10975-B754-4B0D-AB25-27B00E9CD76E}.Debug|x86.Build.0 = Debug|Any CPU
		{91F10975-B754-4B0D-AB25-27B00E9CD76E}.Release|Any CPU.ActiveCfg = Release|Any CPU
		{91F10975-B754-4B0D-AB25-27B00E9CD76E}.Release|Any CPU.Build.0 = Release|Any CPU
		{91F10975-B754-4B0D-AB25-27B00E9CD76E}.Release|x64.ActiveCfg = Release|Any CPU
		{91F10975-B754-4B0D-AB25-27B00E9CD76E}.Release|x64.Build.0 = Release|Any CPU
		{91F10975-B754-4B0D-AB25-27B00E9CD76E}.Release|x86.ActiveCfg = Release|Any CPU
		{91F10975-B754-4B0D-AB25-27B00E9CD76E}.Release|x86.Build.0 = Release|Any CPU
		{BDC32016-CB51-4CA3-8B9A-CB4D0AA5F5B6}.Debug|Any CPU.ActiveCfg = Debug|Any CPU
		{BDC32016-CB51-4CA3-8B9A-CB4D0AA5F5B6}.Debug|Any CPU.Build.0 = Debug|Any CPU
		{BDC32016-CB51-4CA3-8B9A-CB4D0AA5F5B6}.Debug|x64.ActiveCfg = Debug|Any CPU
		{BDC32016-CB51-4CA3-8B9A-CB4D0AA5F5B6}.Debug|x64.Build.0 = Debug|Any CPU
		{BDC32016-CB51-4CA3-8B9A-CB4D0AA5F5B6}.Debug|x86.ActiveCfg = Debug|Any CPU
		{BDC32016-CB51-4CA3-8B9A-CB4D0AA5F5B6}.Debug|x86.Build.0 = Debug|Any CPU
		{BDC32016-CB51-4CA3-8B9A-CB4D0AA5F5B6}.Release|Any CPU.ActiveCfg = Release|Any CPU
		{BDC32016-CB51-4CA3-8B9A-CB4D0AA5F5B6}.Release|Any CPU.Build.0 = Release|Any CPU
		{BDC32016-CB51-4CA3-8B9A-CB4D0AA5F5B6}.Release|x64.ActiveCfg = Release|Any CPU
		{BDC32016-CB51-4CA3-8B9A-CB4D0AA5F5B6}.Release|x64.Build.0 = Release|Any CPU
		{BDC32016-CB51-4CA3-8B9A-CB4D0AA5F5B6}.Release|x86.ActiveCfg = Release|Any CPU
		{BDC32016-CB51-4CA3-8B9A-CB4D0AA5F5B6}.Release|x86.Build.0 = Release|Any CPU
		{C3D4E5F6-A7B8-9012-CDEF-345678901234}.Debug|Any CPU.ActiveCfg = Debug|Any CPU
		{C3D4E5F6-A7B8-9012-CDEF-345678901234}.Debug|Any CPU.Build.0 = Debug|Any CPU
		{C3D4E5F6-A7B8-9012-CDEF-345678901234}.Debug|x64.ActiveCfg = Debug|Any CPU
		{C3D4E5F6-A7B8-9012-CDEF-345678901234}.Debug|x64.Build.0 = Debug|Any CPU
		{C3D4E5F6-A7B8-9012-CDEF-345678901234}.Debug|x86.ActiveCfg = Debug|Any CPU
		{C3D4E5F6-A7B8-9012-CDEF-345678901234}.Debug|x86.Build.0 = Debug|Any CPU
		{C3D4E5F6-A7B8-9012-CDEF-345678901234}.Release|Any CPU.ActiveCfg = Release|Any CPU
		{C3D4E5F6-A7B8-9012-CDEF-345678901234}.Release|Any CPU.Build.0 = Release|Any CPU
		{C3D4E5F6-A7B8-9012-CDEF-345678901234}.Release|x64.ActiveCfg = Release|Any CPU
		{C3D4E5F6-A7B8-9012-CDEF-345678901234}.Release|x64.Build.0 = Release|Any CPU
		{C3D4E5F6-A7B8-9012-CDEF-345678901234}.Release|x86.ActiveCfg = Release|Any CPU
		{C3D4E5F6-A7B8-9012-CDEF-345678901234}.Release|x86.Build.0 = Release|Any CPU
		{A1B2C3D4-E5F6-7890-ABCD-EF1234567890}.Debug|Any CPU.ActiveCfg = Debug|Any CPU
		{A1B2C3D4-E5F6-7890-ABCD-EF1234567890}.Debug|Any CPU.Build.0 = Debug|Any CPU
		{A1B2C3D4-E5F6-7890-ABCD-EF1234567890}.Debug|x64.ActiveCfg = Debug|Any CPU
		{A1B2C3D4-E5F6-7890-ABCD-EF1234567890}.Debug|x64.Build.0 = Debug|Any CPU
		{A1B2C3D4-E5F6-7890-ABCD-EF1234567890}.Debug|x86.ActiveCfg = Debug|Any CPU
		{A1B2C3D4-E5F6-7890-ABCD-EF1234567890}.Debug|x86.Build.0 = Debug|Any CPU
		{A1B2C3D4-E5F6-7890-ABCD-EF1234567890}.Release|Any CPU.ActiveCfg = Release|Any CPU
		{A1B2C3D4-E5F6-7890-ABCD-EF1234567890}.Release|Any CPU.Build.0 = Release|Any CPU
		{A1B2C3D4-E5F6-7890-ABCD-EF1234567890}.Release|x64.ActiveCfg = Release|Any CPU
		{A1B2C3D4-E5F6-7890-ABCD-EF1234567890}.Release|x64.Build.0 = Release|Any CPU
		{A1B2C3D4-E5F6-7890-ABCD-EF1234567890}.Release|x86.ActiveCfg = Release|Any CPU
		{A1B2C3D4-E5F6-7890-ABCD-EF1234567890}.Release|x86.Build.0 = Release|Any CPU
		{E552A634-AB4B-4C09-9EBA-AD882CEAB8F0}.Debug|Any CPU.ActiveCfg = Debug|Any CPU
		{E552A634-AB4B-4C09-9EBA-AD882CEAB8F0}.Debug|Any CPU.Build.0 = Debug|Any CPU
		{E552A634-AB4B-4C09-9EBA-AD882CEAB8F0}.Debug|x64.ActiveCfg = Debug|Any CPU
		{E552A634-AB4B-4C09-9EBA-AD882CEAB8F0}.Debug|x64.Build.0 = Debug|Any CPU
		{E552A634-AB4B-4C09-9EBA-AD882CEAB8F0}.Debug|x86.ActiveCfg = Debug|Any CPU
		{E552A634-AB4B-4C09-9EBA-AD882CEAB8F0}.Debug|x86.Build.0 = Debug|Any CPU
		{E552A634-AB4B-4C09-9EBA-AD882CEAB8F0}.Release|Any CPU.ActiveCfg = Release|Any CPU
		{E552A634-AB4B-4C09-9EBA-AD882CEAB8F0}.Release|Any CPU.Build.0 = Release|Any CPU
		{E552A634-AB4B-4C09-9EBA-AD882CEAB8F0}.Release|x64.ActiveCfg = Release|Any CPU
		{E552A634-AB4B-4C09-9EBA-AD882CEAB8F0}.Release|x64.Build.0 = Release|Any CPU
		{E552A634-AB4B-4C09-9EBA-AD882CEAB8F0}.Release|x86.ActiveCfg = Release|Any CPU
		{E552A634-AB4B-4C09-9EBA-AD882CEAB8F0}.Release|x86.Build.0 = Release|Any CPU
	EndGlobalSection
	GlobalSection(SolutionProperties) = preSolution
		HideSolutionNode = FALSE
	EndGlobalSection
	GlobalSection(ExtensibilityGlobals) = postSolution
		SolutionGuid = {0EC4D9E9-AC6B-4E52-961D-4489BCE87DA6}
	EndGlobalSection
EndGlobal
